
Microsoft Visual Studio Solution File, Format Version 12.00
# Visual Studio 2012
Project("{E24C65DC-7377-472B-9ABA-BC803B73C61A}") = "BrickBox(1)", "http://localhost:50990", "{EE15F3EB-F2D2-429C-8EFD-B7CF67B37A32}"
	ProjectSection(WebsiteProperties) = preProject
		UseIISExpress = "true"
		TargetFrameworkMoniker = ".NETFramework,Version%3Dv4.5"
		Debug.AspNetCompiler.VirtualPath = "/localhost_50990"
		Debug.AspNetCompiler.PhysicalPath = "..\..\WebSites\MSSE 682\Week 2\BrickBox\"
		Debug.AspNetCompiler.TargetPath = "PrecompiledWeb\localhost_50990\"
		Debug.AspNetCompiler.Updateable = "true"
		Debug.AspNetCompiler.ForceOverwrite = "true"
		Debug.AspNetCompiler.FixedNames = "false"
		Debug.AspNetCompiler.Debug = "True"
		Release.AspNetCompiler.VirtualPath = "/localhost_50990"
		Release.AspNetCompiler.PhysicalPath = "..\..\WebSites\MSSE 682\Week 2\BrickBox\"
		Release.AspNetCompiler.TargetPath = "PrecompiledWeb\localhost_50990\"
		Release.AspNetCompiler.Updateable = "true"
		Release.AspNetCompiler.ForceOverwrite = "true"
		Release.AspNetCompiler.FixedNames = "false"
		Release.AspNetCompiler.Debug = "False"
		SlnRelativePath = "..\..\WebSites\MSSE 682\Week 2\BrickBox\"
		DefaultWebSiteLanguage = "Visual C#"
	EndProjectSection
EndProject
Global
	GlobalSection(SolutionConfigurationPlatforms) = preSolution
		Debug|Any CPU = Debug|Any CPU
	EndGlobalSection
	GlobalSection(ProjectConfigurationPlatforms) = postSolution
		{EE15F3EB-F2D2-429C-8EFD-B7CF67B37A32}.Debug|Any CPU.ActiveCfg = Debug|Any CPU
		{EE15F3EB-F2D2-429C-8EFD-B7CF67B37A32}.Debug|Any CPU.Build.0 = Debug|Any CPU
	EndGlobalSection
	GlobalSection(SolutionProperties) = preSolution
		HideSolutionNode = FALSE
	EndGlobalSection
EndGlobal
